
Microsoft Visual Studio Solution File, Format Version 12.00
# Visual Studio 15
VisualStudioVersion = 15.0.27703.2035
MinimumVisualStudioVersion = 10.0.40219.1
Project("{FAE04EC0-301F-11D3-BF4B-00C04F79EFBC}") = "LanguageFeatures", "LanguageFeatures\LanguageFeatures.csproj", "{BED99D51-F0BB-47D2-B176-F0384E0406CA}"
EndProject
Global
	GlobalSection(SolutionConfigurationPlatforms) = preSolution
		Debug|Any CPU = Debug|Any CPU
		Release|Any CPU = Release|Any CPU
	EndGlobalSection
	GlobalSection(ProjectConfigurationPlatforms) = postSolution
		{BED99D51-F0BB-47D2-B176-F0384E0406CA}.Debug|Any CPU.ActiveCfg = Debug|Any CPU
		{BED99D51-F0BB-47D2-B176-F0384E0406CA}.Debug|Any CPU.Build.0 = Debug|Any CPU
		{BED99D51-F0BB-47D2-B176-F0384E0406CA}.Release|Any CPU.ActiveCfg = Release|Any CPU
		{BED99D51-F0BB-47D2-B176-F0384E0406CA}.Release|Any CPU.Build.0 = Release|Any CPU
	EndGlobalSection
	GlobalSection(SolutionProperties) = preSolution
		HideSolutionNode = FALSE
	EndGlobalSection
	GlobalSection(ExtensibilityGlobals) = postSolution
		SolutionGuid = {794C9992-8362-46DA-B373-6B44D2631992}
	EndGlobalSection
EndGlobal
